// !$*UTF8*$!
{
	archiveVersion = 1;
	classes = {
	};
	objectVersion = 46;
	objects = {

/* Begin PBXBuildFile section */
		226661B21E4BF531006569B8 /* main.cpp in Sources */ = {isa = PBXBuildFile; fileRef = 226661B11E4BF44E006569B8 /* main.cpp */; };
		226661B41E4BF568006569B8 /* OpenGL.framework in Frameworks */ = {isa = PBXBuildFile; fileRef = 226661B31E4BF568006569B8 /* OpenGL.framework */; };
		226661B61E4BF571006569B8 /* GLUT.framework in Frameworks */ = {isa = PBXBuildFile; fileRef = 226661B51E4BF571006569B8 /* GLUT.framework */; };
/* End PBXBuildFile section */

/* Begin PBXCopyFilesBuildPhase section */
		22D17AAE1E4BF3B5009E43DA /* CopyFiles */ = {
			isa = PBXCopyFilesBuildPhase;
			buildActionMask = 2147483647;
			dstPath = /usr/share/man/man1/;
			dstSubfolderSpec = 0;
			files = (
			);
			runOnlyForDeploymentPostprocessing = 1;
		};
/* End PBXCopyFilesBuildPhase section */

/* Begin PBXFileReference section */
		226661B11E4BF44E006569B8 /* main.cpp */ = {isa = PBXFileReference; explicitFileType = sourcecode.cpp.cpp; name = main.cpp; path = ../../src/main.cpp; sourceTree = SOURCE_ROOT; };
		226661B31E4BF568006569B8 /* OpenGL.framework */ = {isa = PBXFileReference; lastKnownFileType = wrapper.framework; name = OpenGL.framework; path = System/Library/Frameworks/OpenGL.framework; sourceTree = SDKROOT; };
		226661B51E4BF571006569B8 /* GLUT.framework */ = {isa = PBXFileReference; lastKnownFileType = wrapper.framework; name = GLUT.framework; path = System/Library/Frameworks/GLUT.framework; sourceTree = SDKROOT; };
		22D17AB01E4BF3B5009E43DA /* strain_based_dynamics */ = {isa = PBXFileReference; explicitFileType = "compiled.mach-o.executable"; includeInIndex = 0; path = strain_based_dynamics; sourceTree = BUILT_PRODUCTS_DIR; };
/* End PBXFileReference section */

/* Begin PBXFrameworksBuildPhase section */
		22D17AAD1E4BF3B5009E43DA /* Frameworks */ = {
			isa = PBXFrameworksBuildPhase;
			buildActionMask = 2147483647;
			files = (
				226661B61E4BF571006569B8 /* GLUT.framework in Frameworks */,
				226661B41E4BF568006569B8 /* OpenGL.framework in Frameworks */,
			);
			runOnlyForDeploymentPostprocessing = 0;
		};
/* End PBXFrameworksBuildPhase section */

/* Begin PBXGroup section */
		22D17AA71E4BF3B5009E43DA = {
			isa = PBXGroup;
			children = (
				226661B51E4BF571006569B8 /* GLUT.framework */,
				226661B31E4BF568006569B8 /* OpenGL.framework */,
				22D17AB21E4BF3B5009E43DA /* src */,
				22D17AB11E4BF3B5009E43DA /* Products */,
			);
			sourceTree = "<group>";
		};
		22D17AB11E4BF3B5009E43DA /* Products */ = {
			isa = PBXGroup;
			children = (
				22D17AB01E4BF3B5009E43DA /* strain_based_dynamics */,
			);
			name = Products;
			sourceTree = "<group>";
		};
		22D17AB21E4BF3B5009E43DA /* src */ = {
			isa = PBXGroup;
			children = (
				226661B11E4BF44E006569B8 /* main.cpp */,
			);
			name = src;
			path = strain_based_dynamics;
			sourceTree = "<group>";
		};
/* End PBXGroup section */

/* Begin PBXNativeTarget section */
		22D17AAF1E4BF3B5009E43DA /* strain_based_dynamics */ = {
			isa = PBXNativeTarget;
			buildConfigurationList = 22D17AB71E4BF3B5009E43DA /* Build configuration list for PBXNativeTarget "strain_based_dynamics" */;
			buildPhases = (
				22D17AAC1E4BF3B5009E43DA /* Sources */,
				22D17AAD1E4BF3B5009E43DA /* Frameworks */,
				22D17AAE1E4BF3B5009E43DA /* CopyFiles */,
			);
			buildRules = (
			);
			dependencies = (
			);
			name = strain_based_dynamics;
			productName = strain_based_dynamics;
			productReference = 22D17AB01E4BF3B5009E43DA /* strain_based_dynamics */;
			productType = "com.apple.product-type.tool";
		};
/* End PBXNativeTarget section */

/* Begin PBXProject section */
		22D17AA81E4BF3B5009E43DA /* Project object */ = {
			isa = PBXProject;
			attributes = {
				LastUpgradeCheck = 0600;
				ORGANIZATIONNAME = MyOrganization;
				TargetAttributes = {
					22D17AAF1E4BF3B5009E43DA = {
						CreatedOnToolsVersion = 6.0.1;
					};
				};
			};
			buildConfigurationList = 22D17AAB1E4BF3B5009E43DA /* Build configuration list for PBXProject "strain_based_dynamics" */;
			compatibilityVersion = "Xcode 3.2";
			developmentRegion = English;
			hasScannedForEncodings = 0;
			knownRegions = (
				en,
			);
			mainGroup = 22D17AA71E4BF3B5009E43DA;
			productRefGroup = 22D17AB11E4BF3B5009E43DA /* Products */;
			projectDirPath = "";
			projectRoot = "";
			targets = (
				22D17AAF1E4BF3B5009E43DA /* strain_based_dynamics */,
			);
		};
/* End PBXProject section */

/* Begin PBXSourcesBuildPhase section */
		22D17AAC1E4BF3B5009E43DA /* Sources */ = {
			isa = PBXSourcesBuildPhase;
			buildActionMask = 2147483647;
			files = (
				226661B21E4BF531006569B8 /* main.cpp in Sources */,
			);
			runOnlyForDeploymentPostprocessing = 0;
		};
/* End PBXSourcesBuildPhase section */

/* Begin XCBuildConfiguration section */
		22D17AB51E4BF3B5009E43DA /* Debug */ = {
			isa = XCBuildConfiguration;
			buildSettings = {
				ALWAYS_SEARCH_USER_PATHS = NO;
				CLANG_CXX_LANGUAGE_STANDARD = "gnu++0x";
				CLANG_CXX_LIBRARY = "libc++";
				CLANG_ENABLE_MODULES = YES;
				CLANG_ENABLE_OBJC_ARC = YES;
				CLANG_WARN_BOOL_CONVERSION = YES;
				CLANG_WARN_CONSTANT_CONVERSION = YES;
				CLANG_WARN_DIRECT_OBJC_ISA_USAGE = YES_ERROR;
				CLANG_WARN_EMPTY_BODY = YES;
				CLANG_WARN_ENUM_CONVERSION = YES;
				CLANG_WARN_INT_CONVERSION = YES;
				CLANG_WARN_OBJC_ROOT_CLASS = YES_ERROR;
				CLANG_WARN_UNREACHABLE_CODE = YES;
				CLANG_WARN__DUPLICATE_METHOD_MATCH = YES;
				COPY_PHASE_STRIP = NO;
				ENABLE_STRICT_OBJC_MSGSEND = YES;
				GCC_C_LANGUAGE_STANDARD = gnu99;
				GCC_DYNAMIC_NO_PIC = NO;
				GCC_OPTIMIZATION_LEVEL = 0;
				GCC_PREPROCESSOR_DEFINITIONS = (
					"DEBUG=1",
					"$(inherited)",
				);
				GCC_SYMBOLS_PRIVATE_EXTERN = NO;
				GCC_WARN_64_TO_32_BIT_CONVERSION = YES;
				GCC_WARN_ABOUT_RETURN_TYPE = YES_ERROR;
				GCC_WARN_UNDECLARED_SELECTOR = YES;
				GCC_WARN_UNINITIALIZED_AUTOS = YES_AGGRESSIVE;
				GCC_WARN_UNUSED_FUNCTION = YES;
				GCC_WARN_UNUSED_VARIABLE = YES;
				MACOSX_DEPLOYMENT_TARGET = 10.9;
				MTL_ENABLE_DEBUG_INFO = YES;
				ONLY_ACTIVE_ARCH = YES;
				SDKROOT = macosx;
			};
			name = Debug;
		};
		22D17AB61E4BF3B5009E43DA /* Release */ = {
			isa = XCBuildConfiguration;
			buildSettings = {
				ALWAYS_SEARCH_USER_PATHS = NO;
				CLANG_CXX_LANGUAGE_STANDARD = "gnu++0x";
				CLANG_CXX_LIBRARY = "libc++";
				CLANG_ENABLE_MODULES = YES;
				CLANG_ENABLE_OBJC_ARC = YES;
				CLANG_WARN_BOOL_CONVERSION = YES;
				CLANG_WARN_CONSTANT_CONVERSION = YES;
				CLANG_WARN_DIRECT_OBJC_ISA_USAGE = YES_ERROR;
				CLANG_WARN_EMPTY_BODY = YES;
				CLANG_WARN_ENUM_CONVERSION = YES;
				CLANG_WARN_INT_CONVERSION = YES;
				CLANG_WARN_OBJC_ROOT_CLASS = YES_ERROR;
				CLANG_WARN_UNREACHABLE_CODE = YES;
				CLANG_WARN__DUPLICATE_METHOD_MATCH = YES;
				COPY_PHASE_STRIP = YES;
				DEBUG_INFORMATION_FORMAT = "dwarf-with-dsym";
				ENABLE_NS_ASSERTIONS = NO;
				ENABLE_STRICT_OBJC_MSGSEND = YES;
				GCC_C_LANGUAGE_STANDARD = gnu99;
				GCC_WARN_64_TO_32_BIT_CONVERSION = YES;
				GCC_WARN_ABOUT_RETURN_TYPE = YES_ERROR;
				GCC_WARN_UNDECLARED_SELECTOR = YES;
				GCC_WARN_UNINITIALIZED_AUTOS = YES_AGGRESSIVE;
				GCC_WARN_UNUSED_FUNCTION = YES;
				GCC_WARN_UNUSED_VARIABLE = YES;
				MACOSX_DEPLOYMENT_TARGET = 10.9;
				MTL_ENABLE_DEBUG_INFO = NO;
				SDKROOT = macosx;
			};
			name = Release;
		};
		22D17AB81E4BF3B5009E43DA /* Debug */ = {
			isa = XCBuildConfiguration;
			buildSettings = {
				ARCHS = "$(ARCHS_STANDARD_32_64_BIT)";
				PRODUCT_NAME = "$(TARGET_NAME)";
			};
			name = Debug;
		};
		22D17AB91E4BF3B5009E43DA /* Release */ = {
			isa = XCBuildConfiguration;
			buildSettings = {
				ARCHS = "$(ARCHS_STANDARD_32_64_BIT)";
				PRODUCT_NAME = "$(TARGET_NAME)";
			};
			name = Release;
		};
/* End XCBuildConfiguration section */

/* Begin XCConfigurationList section */
		22D17AAB1E4BF3B5009E43DA /* Build configuration list for PBXProject "strain_based_dynamics" */ = {
			isa = XCConfigurationList;
			buildConfigurations = (
				22D17AB51E4BF3B5009E43DA /* Debug */,
				22D17AB61E4BF3B5009E43DA /* Release */,
			);
			defaultConfigurationIsVisible = 0;
			defaultConfigurationName = Release;
		};
		22D17AB71E4BF3B5009E43DA /* Build configuration list for PBXNativeTarget "strain_based_dynamics" */ = {
			isa = XCConfigurationList;
			buildConfigurations = (
				22D17AB81E4BF3B5009E43DA /* Debug */,
				22D17AB91E4BF3B5009E43DA /* Release */,
			);
			defaultConfigurationIsVisible = 0;
			defaultConfigurationName = Release;
		};
/* End XCConfigurationList section */
	};
	rootObject = 22D17AA81E4BF3B5009E43DA /* Project object */;
}
